{
  "name": "callingsupportapp-site",
  "lockfileVersion": 3,
  "requires": true,
  "packages": {
    "": {
      "name": "callingsupportapp-site",
      "dependencies": {
        "@fontsource-variable/inter": "5.2.8",
        "@fontsource/source-serif-4": "5.2.9",
        "marked": "16.4.1"
      }
    },
    "node_modules/@fontsource-variable/inter": {
      "version": "5.2.8",
      "resolved": "https://registry.npmjs.org/@fontsource-variable/inter/-/inter-5.2.8.tgz",
      "integrity": "sha512-kOfP2D+ykbcX/P3IFnokOhVRNoTozo5/JxhAIVYLpea/UBmCQ/YWPBfWIDuBImXX/15KH+eKh4xpEUyS2sQQGQ==",
      "license": "OFL-1.1",
      "funding": {
        "url": "https://github.com/sponsors/ayuhito"
      }
    },
    "node_modules/@fontsource/source-serif-4": {
      "version": "5.2.9",
      "resolved": "https://registry.npmjs.org/@fontsource/source-serif-4/-/source-serif-4-5.2.9.tgz",
      "integrity": "sha512-er/Pym9emsEVJNf947umJ4kXarXfsiN6CN7kTYinefKRaHLwiquiiHOZvKvxWgkV8JMCf3pV3g0NcsPFpVCH9w==",
      "license": "OFL-1.1",
      "funding": {
        "url": "https://github.com/sponsors/ayuhito"
      }
    },
    "node_modules/marked": {
      "version": "16.4.1",
      "resolved": "https://registry.npmjs.org/marked/-/marked-16.4.1.tgz",
      "integrity": "sha512-ntROs7RaN3EvWfy3EZi14H4YxmT6A5YvywfhO+0pm+cH/dnSQRmdAmoFIc3B9aiwTehyk7pESH4ofyBY+V5hZg==",
      "license": "MIT",
      "bin": {
        "marked": "bin/marked.js"
      },
      "engines": {
        "node": ">= 20"
      }
    }
  }
}
